<?xml version="1.0" encoding="utf-8"?>
<Project ToolsVersion="4.0" xmlns="http://schemas.microsoft.com/developer/msbuild/2003">
  <ItemGroup>
    <Filter Include="Source Files">
      <UniqueIdentifier>{4FC737F1-C7A5-4376-A066-2A32D752A2FF}</UniqueIdentifier>
      <Extensions>cpp;c;cc;cxx;def;odl;idl;hpj;bat;asm;asmx</Extensions>
    </Filter>
    <Filter Include="Header Files">
      <UniqueIdentifier>{93995380-89BD-4b04-88EB-625FBE52EBFB}</UniqueIdentifier>
      <Extensions>h;hh;hpp;hxx;hm;inl;inc;xsd</Extensions>
    </Filter>
    <Filter Include="Resource Files">
      <UniqueIdentifier>{67DA6AB6-F800-4c08-8B7A-83BB121AAD01}</UniqueIdentifier>
      <Extensions>rc;ico;cur;bmp;dlg;rc2;rct;bin;rgs;gif;jpg;jpeg;jpe;resx;tiff;tif;png;wav;mfcribbon-ms</Extensions>
    </Filter>
    <Filter Include="Form Files">
      <UniqueIdentifier>{99349809-55BA-4b9d-BF79-8FDBB0286EB3}</UniqueIdentifier>
      <Extensions>ui</Extensions>
    </Filter>
    <Filter Include="Resource Files">
      <UniqueIdentifier>{D9D6E242-F8AF-46E4-B9FD-80ECBC20BA3E}</UniqueIdentifier>
      <Extensions>qrc;*</Extensions>
      <ParseFiles>false</ParseFiles>
    </Filter>
    <Filter Include="Source Files\seeHoursWindow">
      <UniqueIdentifier>{cd669eb1-638f-49b6-8394-b19e791fc010}</UniqueIdentifier>
    </Filter>
    <Filter Include="Source Files\seeOptionsWindow">
      <UniqueIdentifier>{72afb748-91aa-420b-9e45-1957c4dc54f7}</UniqueIdentifier>
    </Filter>
    <Filter Include="Source Files\setHoursWindow">
      <UniqueIdentifier>{e293864c-5c64-46fa-ae24-c09f42875b04}</UniqueIdentifier>
    </Filter>
    <Filter Include="Source Files\mainWindow">
      <UniqueIdentifier>{36db98c6-90a6-4913-b436-ee945da58df9}</UniqueIdentifier>
    </Filter>
    <Filter Include="Header Files\mainWindow">
      <UniqueIdentifier>{405265e6-d32c-4df3-9ca8-86cc6bdddcb7}</UniqueIdentifier>
    </Filter>
    <Filter Include="Header Files\setHoursWindow">
      <UniqueIdentifier>{dff92b39-881c-4b3f-acbb-f986af671959}</UniqueIdentifier>
    </Filter>
    <Filter Include="Header Files\seeOptionsWindow">
      <UniqueIdentifier>{876e0de5-c27c-4079-bf50-a3525ecf4609}</UniqueIdentifier>
    </Filter>
    <Filter Include="Header Files\seeHoursWindow">
      <UniqueIdentifier>{e813eb60-3884-4e5b-a77a-2d5e6d8b19c2}</UniqueIdentifier>
    </Filter>
    <Filter Include="Resource Files\mainWindow">
      <UniqueIdentifier>{9e83a6fd-80a1-403e-87aa-e5909ef0f431}</UniqueIdentifier>
    </Filter>
  </ItemGroup>
  <ItemGroup>
    <ClCompile Include="main.cpp">
      <Filter>Source Files</Filter>
    </ClCompile>
    <ClCompile Include="mainWindow\mainWindow.cpp">
      <Filter>Source Files\mainWindow</Filter>
    </ClCompile>
    <ClCompile Include="setHoursWindow\setHoursWindow.cpp">
      <Filter>Source Files\setHoursWindow</Filter>
    </ClCompile>
    <ClCompile Include="seeOptionsWindow\seeOptionsWindow.cpp">
      <Filter>Source Files\seeOptionsWindow</Filter>
    </ClCompile>
    <ClCompile Include="seeHoursWindow\seeHoursWindow.cpp">
      <Filter>Source Files\seeHoursWindow</Filter>
    </ClCompile>
  </ItemGroup>
  <ItemGroup>
    <QtRcc Include="mainWindow\mainWindow.qrc">
      <Filter>Resource Files\mainWindow</Filter>
    </QtRcc>
  </ItemGroup>
  <ItemGroup>
    <QtUic Include="mainWindow\mainWindow.ui">
      <Filter>Resource Files\mainWindow</Filter>
    </QtUic>
  </ItemGroup>
  <ItemGroup>
    <QtMoc Include="mainWindow\mainWindow.h">
      <Filter>Header Files\mainWindow</Filter>
    </QtMoc>
    <QtMoc Include="setHoursWindow\setHoursWindow.h">
      <Filter>Header Files\setHoursWindow</Filter>
    </QtMoc>
    <QtMoc Include="seeOptionsWindow\seeOptionsWindow.h">
      <Filter>Header Files\seeOptionsWindow</Filter>
    </QtMoc>
    <QtMoc Include="seeHoursWindow\seeHoursWindow.h">
      <Filter>Header Files\seeHoursWindow</Filter>
    </QtMoc>
  </ItemGroup>
</Project>